
Microsoft Visual Studio Solution File, Format Version 12.00
# Visual Studio Version 17
VisualStudioVersion = 17.0.31912.275
MinimumVisualStudioVersion = 10.0.40219.1
Project("{9A19103F-16F7-4668-BE54-9A1E7A4F7556}") = "TestOldWay", "TestOldWay\TestOldWay.csproj", "{76C24E3C-2704-45E9-8C50-DB7048654472}"
EndProject
Project("{9A19103F-16F7-4668-BE54-9A1E7A4F7556}") = "TestNewWay", "TestNewWay\TestNewWay.csproj", "{C5EA118D-A6F6-403A-A411-33C8FDB7D304}"
EndProject
Global
	GlobalSection(SolutionConfigurationPlatforms) = preSolution
		Debug|Any CPU = Debug|Any CPU
		Release|Any CPU = Release|Any CPU
	EndGlobalSection
	GlobalSection(ProjectConfigurationPlatforms) = postSolution
		{76C24E3C-2704-45E9-8C50-DB7048654472}.Debug|Any CPU.ActiveCfg = Debug|Any CPU
		{76C24E3C-2704-45E9-8C50-DB7048654472}.Debug|Any CPU.Build.0 = Debug|Any CPU
		{76C24E3C-2704-45E9-8C50-DB7048654472}.Release|Any CPU.ActiveCfg = Release|Any CPU
		{76C24E3C-2704-45E9-8C50-DB7048654472}.Release|Any CPU.Build.0 = Release|Any CPU
		{C5EA118D-A6F6-403A-A411-33C8FDB7D304}.Debug|Any CPU.ActiveCfg = Debug|Any CPU
		{C5EA118D-A6F6-403A-A411-33C8FDB7D304}.Debug|Any CPU.Build.0 = Debug|Any CPU
		{C5EA118D-A6F6-403A-A411-33C8FDB7D304}.Release|Any CPU.ActiveCfg = Release|Any CPU
		{C5EA118D-A6F6-403A-A411-33C8FDB7D304}.Release|Any CPU.Build.0 = Release|Any CPU
	EndGlobalSection
	GlobalSection(SolutionProperties) = preSolution
		HideSolutionNode = FALSE
	EndGlobalSection
	GlobalSection(ExtensibilityGlobals) = postSolution
		SolutionGuid = {F044263F-22CA-41DA-9AF2-F96FB9A16D55}
	EndGlobalSection
EndGlobal
